
Microsoft Visual Studio Solution File, Format Version 12.00
# Visual Studio Version 17
VisualStudioVersion = 17.13.35818.85 d17.13
MinimumVisualStudioVersion = 10.0.40219.1
Project("{FAE04EC0-301F-11D3-BF4B-00C04F79EFBC}") = "Infotekka.AchievementSchema", "Infotekka.AchievementSchema\Infotekka.AchievementSchema.csproj", "{3A238007-44A5-417A-90C9-BC5C33807197}"
EndProject
Global
	GlobalSection(SolutionConfigurationPlatforms) = preSolution
		Debug|Any CPU = Debug|Any CPU
		Release|Any CPU = Release|Any CPU
	EndGlobalSection
	GlobalSection(ProjectConfigurationPlatforms) = postSolution
		{3A238007-44A5-417A-90C9-BC5C33807197}.Debug|Any CPU.ActiveCfg = Debug|Any CPU
		{3A238007-44A5-417A-90C9-BC5C33807197}.Debug|Any CPU.Build.0 = Debug|Any CPU
		{3A238007-44A5-417A-90C9-BC5C33807197}.Release|Any CPU.ActiveCfg = Release|Any CPU
		{3A238007-44A5-417A-90C9-BC5C33807197}.Release|Any CPU.Build.0 = Release|Any CPU
	EndGlobalSection
	GlobalSection(SolutionProperties) = preSolution
		HideSolutionNode = FALSE
	EndGlobalSection
	GlobalSection(ExtensibilityGlobals) = postSolution
		SolutionGuid = {9924F8A1-E275-471F-ADC3-141FC614C50D}
	EndGlobalSection
EndGlobal
